
Microsoft Visual Studio Solution File, Format Version 12.00
# Visual Studio Version 16
VisualStudioVersion = 16.0.29613.14
MinimumVisualStudioVersion = 10.0.40219.1
Project("{FAE04EC0-301F-11D3-BF4B-00C04F79EFBC}") = "WindowsFormsWork1", "WindowsFormsWork1.csproj", "{AC8AC0F3-B198-4B1F-9042-EAD30DD6A34E}"
EndProject
Global
	GlobalSection(SolutionConfigurationPlatforms) = preSolution
		Debug|Any CPU = Debug|Any CPU
		Release|Any CPU = Release|Any CPU
	EndGlobalSection
	GlobalSection(ProjectConfigurationPlatforms) = postSolution
		{AC8AC0F3-B198-4B1F-9042-EAD30DD6A34E}.Debug|Any CPU.ActiveCfg = Debug|Any CPU
		{AC8AC0F3-B198-4B1F-9042-EAD30DD6A34E}.Debug|Any CPU.Build.0 = Debug|Any CPU
		{AC8AC0F3-B198-4B1F-9042-EAD30DD6A34E}.Release|Any CPU.ActiveCfg = Release|Any CPU
		{AC8AC0F3-B198-4B1F-9042-EAD30DD6A34E}.Release|Any CPU.Build.0 = Release|Any CPU
	EndGlobalSection
	GlobalSection(SolutionProperties) = preSolution
		HideSolutionNode = FALSE
	EndGlobalSection
	GlobalSection(ExtensibilityGlobals) = postSolution
		SolutionGuid = {C04353BC-EF82-43E8-8C90-FFCF5535DDC3}
	EndGlobalSection
EndGlobal
